
Microsoft Visual Studio Solution File, Format Version 12.00
# Visual Studio Version 17
VisualStudioVersion = 17.0.31903.59
MinimumVisualStudioVersion = 10.0.40219.1
Project("{FAE04EC0-301F-11D3-BF4B-00C04F79EFBC}") = "Roster.APP", "Roster.APP\Roster.APP.csproj", "{AFB4143A-C53F-45EC-A505-A2D17461F94A}"
EndProject
Project("{FAE04EC0-301F-11D3-BF4B-00C04F79EFBC}") = "Roster.TEST", "Roster.TEST\Roster.TEST.csproj", "{5298B7E0-43DA-4D96-B606-4BE7D90FF7C3}"
EndProject
Global
	GlobalSection(SolutionConfigurationPlatforms) = preSolution
		Debug|Any CPU = Debug|Any CPU
		Release|Any CPU = Release|Any CPU
	EndGlobalSection
	GlobalSection(SolutionProperties) = preSolution
		HideSolutionNode = FALSE
	EndGlobalSection
	GlobalSection(ProjectConfigurationPlatforms) = postSolution
		{AFB4143A-C53F-45EC-A505-A2D17461F94A}.Debug|Any CPU.ActiveCfg = Debug|Any CPU
		{AFB4143A-C53F-45EC-A505-A2D17461F94A}.Debug|Any CPU.Build.0 = Debug|Any CPU
		{AFB4143A-C53F-45EC-A505-A2D17461F94A}.Release|Any CPU.ActiveCfg = Release|Any CPU
		{AFB4143A-C53F-45EC-A505-A2D17461F94A}.Release|Any CPU.Build.0 = Release|Any CPU
		{5298B7E0-43DA-4D96-B606-4BE7D90FF7C3}.Debug|Any CPU.ActiveCfg = Debug|Any CPU
		{5298B7E0-43DA-4D96-B606-4BE7D90FF7C3}.Debug|Any CPU.Build.0 = Debug|Any CPU
		{5298B7E0-43DA-4D96-B606-4BE7D90FF7C3}.Release|Any CPU.ActiveCfg = Release|Any CPU
		{5298B7E0-43DA-4D96-B606-4BE7D90FF7C3}.Release|Any CPU.Build.0 = Release|Any CPU
	EndGlobalSection
EndGlobal
